# THIS IS AN AUTOGENERATED FILE. DO NOT EDIT THIS FILE DIRECTLY.
# yarn lockfile v1


"@emotion/is-prop-valid@^0.8.2":
  "integrity" "sha512-u5WtneEAr5IDG2Wv65yhunPSMLIpuKsbuOktRojfrEiEvRyC85LgPMZI63cr7NUqT8ZIGdSVg8ZKGxIug4lXcA=="
  "resolved" "https://registry.npmjs.org/@emotion/is-prop-valid/-/is-prop-valid-0.8.8.tgz"
  "version" "0.8.8"
  dependencies:
    "@emotion/memoize" "0.7.4"

"@emotion/memoize@0.7.4":
  "integrity" "sha512-Ja/Vfqe3HpuzRsG1oBtWTHk2PGZ7GR+2Vz5iYGelAw8dx32K0y7PjVuxK6z1nMpZOqAFsRUPCkK1YjJ56qJlgw=="
  "resolved" "https://registry.npmjs.org/@emotion/memoize/-/memoize-0.7.4.tgz"
  "version" "0.7.4"

"@motionone/animation@^10.10.1":
  "integrity" "sha512-iX839/Ir5wT7hVX0yCZYjcDhHAOkVR5hIhVBTf37qEUD693uVwrxC2i1BI9vMVPc1rIoFtftYjOtwoO9Oq/aog=="
  "resolved" "https://registry.npmjs.org/@motionone/animation/-/animation-10.10.1.tgz"
  "version" "10.10.1"
  dependencies:
    "@motionone/easing" "^10.9.0"
    "@motionone/types" "^10.9.0"
    "@motionone/utils" "^10.9.0"
    "tslib" "^2.3.1"

"@motionone/dom@^10.11.1":
  "integrity" "sha512-0SX4acPV1srcnzi0ZKzeq/aqDq86Wwd2G2RiLbLhIGFB3zZB/rJ46yNW3AUhSPKEQLCL20J3e8V4hyfPdEZ5TA=="
  "resolved" "https://registry.npmjs.org/@motionone/dom/-/dom-10.11.2.tgz"
  "version" "10.11.2"
  dependencies:
    "@motionone/animation" "^10.10.1"
    "@motionone/generators" "^10.9.0"
    "@motionone/types" "^10.9.0"
    "@motionone/utils" "^10.9.0"
    "hey-listen" "^1.0.8"
    "tslib" "^2.3.1"

"@motionone/easing@^10.9.0":
  "integrity" "sha512-FYIr3HlQEb7aE5LOpY6BPQUaPyKeJt6VfGA+npy73+JIGqoVOjbrdZ1ZQxzTXqO76mG3UZvv1+twrDamRQsxFw=="
  "resolved" "https://registry.npmjs.org/@motionone/easing/-/easing-10.9.0.tgz"
  "version" "10.9.0"
  dependencies:
    "@motionone/utils" "^10.9.0"
    "tslib" "^2.3.1"

"@motionone/generators@^10.9.0":
  "integrity" "sha512-BOkHx4qQswJV+z/6k05qdvRENE4hG606NI5cIPTsLtSuksnRn83utuj/15VTNoFeYHuTdhwzxvIPvlPVayIGTg=="
  "resolved" "https://registry.npmjs.org/@motionone/generators/-/generators-10.9.0.tgz"
  "version" "10.9.0"
  dependencies:
    "@motionone/types" "^10.9.0"
    "@motionone/utils" "^10.9.0"
    "tslib" "^2.3.1"

"@motionone/types@^10.9.0":
  "integrity" "sha512-ZcEDfsrS2ym9+vExV7+59avkzEO/PLkNj16uaDvbWhi0Q/vOZ72j2LQTrtDLWVyZRIeUaB/i8DJP017Gj6UYQw=="
  "resolved" "https://registry.npmjs.org/@motionone/types/-/types-10.9.0.tgz"
  "version" "10.9.0"

"@motionone/utils@^10.9.0":
  "integrity" "sha512-5IgmwQ8TdH1HsQ9d2QZeBCu9+HkqjoYRYItRpmusoyiedPMZaKdU3pr3qFP5nbAj68Ww2sTUxgEZEOF20qJA6w=="
  "resolved" "https://registry.npmjs.org/@motionone/utils/-/utils-10.9.0.tgz"
  "version" "10.9.0"
  dependencies:
    "@motionone/types" "^10.9.0"
    "hey-listen" "^1.0.8"
    "tslib" "^2.3.1"

"framer-motion@^6.4.3":
  "integrity" "sha512-prcyOGFkGjwGEgbxObIWteVz1ihuWaDLdR03626cbA1GxTaPRpLb8ioJfWPmP5mwcWC7TlhMOjS5kBYnuiktFA=="
  "resolved" "https://registry.npmjs.org/framer-motion/-/framer-motion-6.4.3.tgz"
  "version" "6.4.3"
  dependencies:
    "@motionone/dom" "^10.11.1"
    "framesync" "6.0.1"
    "hey-listen" "^1.0.8"
    "popmotion" "11.0.3"
    "style-value-types" "5.0.0"
    "tslib" "^2.1.0"
  optionalDependencies:
    "@emotion/is-prop-valid" "^0.8.2"

"framesync@6.0.1":
  "integrity" "sha512-fUY88kXvGiIItgNC7wcTOl0SNRCVXMKSWW2Yzfmn7EKNc+MpCzcz9DhdHcdjbrtN3c6R4H5dTY2jiCpPdysEjA=="
  "resolved" "https://registry.npmjs.org/framesync/-/framesync-6.0.1.tgz"
  "version" "6.0.1"
  dependencies:
    "tslib" "^2.1.0"

"hey-listen@^1.0.8":
  "integrity" "sha512-COpmrF2NOg4TBWUJ5UVyaCU2A88wEMkUPK4hNqyCkqHbxT92BbvfjoSozkAIIm6XhicGlJHhFdullInrdhwU8Q=="
  "resolved" "https://registry.npmjs.org/hey-listen/-/hey-listen-1.0.8.tgz"
  "version" "1.0.8"

"js-tokens@^3.0.0 || ^4.0.0":
  "integrity" "sha512-RdJUflcE3cUzKiMqQgsCu06FPu9UdIJO0beYbPhHN4k6apgJtifcoCtT9bcxOpYBtpD2kCM6Sbzg4CausW/PKQ=="
  "resolved" "https://registry.npmjs.org/js-tokens/-/js-tokens-4.0.0.tgz"
  "version" "4.0.0"

"loose-envify@^1.1.0":
  "integrity" "sha512-lyuxPGr/Wfhrlem2CL/UcnUc1zcqKAImBDzukY7Y5F/yQiNdko6+fRLevlw1HgMySw7f611UIY408EtxRSoK3Q=="
  "resolved" "https://registry.npmjs.org/loose-envify/-/loose-envify-1.4.0.tgz"
  "version" "1.4.0"
  dependencies:
    "js-tokens" "^3.0.0 || ^4.0.0"

"popmotion@11.0.3":
  "integrity" "sha512-Y55FLdj3UxkR7Vl3s7Qr4e9m0onSnP8W7d/xQLsoJM40vs6UKHFdygs6SWryasTZYqugMjm3BepCF4CWXDiHgA=="
  "resolved" "https://registry.npmjs.org/popmotion/-/popmotion-11.0.3.tgz"
  "version" "11.0.3"
  dependencies:
    "framesync" "6.0.1"
    "hey-listen" "^1.0.8"
    "style-value-types" "5.0.0"
    "tslib" "^2.1.0"

"react-dom@>=16.8 || ^17.0.0 || ^18.0.0":
  "integrity" "sha512-6IMTriUmvsjHUjNtEDudZfuDQUoWXVxKHhlEGSk81n4YFS+r/Kl99wXiwlVXtPBtJenozv2P+hxDsw9eA7Xo6g=="
  "resolved" "https://registry.npmjs.org/react-dom/-/react-dom-18.2.0.tgz"
  "version" "18.2.0"
  dependencies:
    "loose-envify" "^1.1.0"
    "scheduler" "^0.23.0"

"react@^18.2.0", "react@>=16.8 || ^17.0.0 || ^18.0.0":
  "integrity" "sha512-/3IjMdb2L9QbBdWiW5e3P2/npwMBaU9mHCSCUzNln0ZCYbcfTsGbTJrU/kGemdH2IWmB2ioZ+zkxtmq6g09fGQ=="
  "resolved" "https://registry.npmjs.org/react/-/react-18.2.0.tgz"
  "version" "18.2.0"
  dependencies:
    "loose-envify" "^1.1.0"

"scheduler@^0.23.0":
  "integrity" "sha512-CtuThmgHNg7zIZWAXi3AsyIzA3n4xx7aNyjwC2VJldO2LMVDhFK+63xGqq6CsJH4rTAt6/M+N4GhZiDYPx9eUw=="
  "resolved" "https://registry.npmjs.org/scheduler/-/scheduler-0.23.0.tgz"
  "version" "0.23.0"
  dependencies:
    "loose-envify" "^1.1.0"

"style-value-types@5.0.0":
  "integrity" "sha512-08yq36Ikn4kx4YU6RD7jWEv27v4V+PUsOGa4n/as8Et3CuODMJQ00ENeAVXAeydX4Z2j1XHZF1K2sX4mGl18fA=="
  "resolved" "https://registry.npmjs.org/style-value-types/-/style-value-types-5.0.0.tgz"
  "version" "5.0.0"
  dependencies:
    "hey-listen" "^1.0.8"
    "tslib" "^2.1.0"

"tslib@^2.1.0", "tslib@^2.3.1":
  "integrity" "sha512-d6xOpEDfsi2CZVlPQzGeux8XMwLT9hssAsaPYExaQMuYskwb+x1x7J371tWlbBdWHroy99KnVB6qIkUbs5X3UQ=="
  "resolved" "https://registry.npmjs.org/tslib/-/tslib-2.4.0.tgz"
  "version" "2.4.0"
